
Microsoft Visual Studio Solution File, Format Version 12.00
# Visual Studio Version 16
VisualStudioVersion = 16.0.30621.155
MinimumVisualStudioVersion = 10.0.40219.1
Project("{FAE04EC0-301F-11D3-BF4B-00C04F79EFBC}") = "WebServer", "WebServer\WebServer.csproj", "{80940AEE-9414-4E57-947A-3997AA4C8BC4}"
EndProject
Global
	GlobalSection(SolutionConfigurationPlatforms) = preSolution
		Debug|Any CPU = Debug|Any CPU
		Release|Any CPU = Release|Any CPU
	EndGlobalSection
	GlobalSection(ProjectConfigurationPlatforms) = postSolution
		{80940AEE-9414-4E57-947A-3997AA4C8BC4}.Debug|Any CPU.ActiveCfg = Debug|Any CPU
		{80940AEE-9414-4E57-947A-3997AA4C8BC4}.Debug|Any CPU.Build.0 = Debug|Any CPU
		{80940AEE-9414-4E57-947A-3997AA4C8BC4}.Release|Any CPU.ActiveCfg = Release|Any CPU
		{80940AEE-9414-4E57-947A-3997AA4C8BC4}.Release|Any CPU.Build.0 = Release|Any CPU
	EndGlobalSection
	GlobalSection(SolutionProperties) = preSolution
		HideSolutionNode = FALSE
	EndGlobalSection
	GlobalSection(ExtensibilityGlobals) = postSolution
		SolutionGuid = {7F084400-11CC-4EFC-963E-0B6A737723A1}
	EndGlobalSection
EndGlobal
